// !$*UTF8*$!
{
	archiveVersion = 1;
	classes = {
	};
	objectVersion = 48;
	objects = {

/* Begin PBXBuildFile section */
		D60B263B201A0C9000BE626B /* AppDelegate.swift in Sources */ = {isa = PBXBuildFile; fileRef = D60B263A201A0C9000BE626B /* AppDelegate.swift */; };
		D60B263D201A0C9000BE626B /* ViewController.swift in Sources */ = {isa = PBXBuildFile; fileRef = D60B263C201A0C9000BE626B /* ViewController.swift */; };
		D60B2640201A0C9000BE626B /* Main.storyboard in Resources */ = {isa = PBXBuildFile; fileRef = D60B263E201A0C9000BE626B /* Main.storyboard */; };
		D60B2642201A0C9100BE626B /* Assets.xcassets in Resources */ = {isa = PBXBuildFile; fileRef = D60B2641201A0C9100BE626B /* Assets.xcassets */; };
		D60B2645201A0C9100BE626B /* LaunchScreen.storyboard in Resources */ = {isa = PBXBuildFile; fileRef = D60B2643201A0C9100BE626B /* LaunchScreen.storyboard */; };
		D60B2650201A0C9100BE626B /* OpenInstallTestTests.swift in Sources */ = {isa = PBXBuildFile; fileRef = D60B264F201A0C9100BE626B /* OpenInstallTestTests.swift */; };
		D60B265B201A0C9100BE626B /* OpenInstallTestUITests.swift in Sources */ = {isa = PBXBuildFile; fileRef = D60B265A201A0C9100BE626B /* OpenInstallTestUITests.swift */; };
/* End PBXBuildFile section */

/* Begin PBXContainerItemProxy section */
		D60B264C201A0C9100BE626B /* PBXContainerItemProxy */ = {
			isa = PBXContainerItemProxy;
			containerPortal = D60B262F201A0C9000BE626B /* Project object */;
			proxyType = 1;
			remoteGlobalIDString = D60B2636201A0C9000BE626B;
			remoteInfo = OpenInstallTest;
		};
		D60B2657201A0C9100BE626B /* PBXContainerItemProxy */ = {
			isa = PBXContainerItemProxy;
			containerPortal = D60B262F201A0C9000BE626B /* Project object */;
			proxyType = 1;
			remoteGlobalIDString = D60B2636201A0C9000BE626B;
			remoteInfo = OpenInstallTest;
		};
/* End PBXContainerItemProxy section */

/* Begin PBXFileReference section */
		D60B2637201A0C9000BE626B /* OpenInstallTest.app */ = {isa = PBXFileReference; explicitFileType = wrapper.application; includeInIndex = 0; path = OpenInstallTest.app; sourceTree = BUILT_PRODUCTS_DIR; };
		D60B263A201A0C9000BE626B /* AppDelegate.swift */ = {isa = PBXFileReference; lastKnownFileType = sourcecode.swift; path = AppDelegate.swift; sourceTree = "<group>"; };
		D60B263C201A0C9000BE626B /* ViewController.swift */ = {isa = PBXFileReference; lastKnownFileType = sourcecode.swift; path = ViewController.swift; sourceTree = "<group>"; };
		D60B263F201A0C9000BE626B /* Base */ = {isa = PBXFileReference; lastKnownFileType = file.storyboard; name = Base; path = Base.lproj/Main.storyboard; sourceTree = "<group>"; };
		D60B2641201A0C9100BE626B /* Assets.xcassets */ = {isa = PBXFileReference; lastKnownFileType = folder.assetcatalog; path = Assets.xcassets; sourceTree = "<group>"; };
		D60B2644201A0C9100BE626B /* Base */ = {isa = PBXFileReference; lastKnownFileType = file.storyboard; name = Base; path = Base.lproj/LaunchScreen.storyboard; sourceTree = "<group>"; };
		D60B2646201A0C9100BE626B /* Info.plist */ = {isa = PBXFileReference; lastKnownFileType = text.plist.xml; path = Info.plist; sourceTree = "<group>"; };
		D60B264B201A0C9100BE626B /* OpenInstallTestTests.xctest */ = {isa = PBXFileReference; explicitFileType = wrapper.cfbundle; includeInIndex = 0; path = OpenInstallTestTests.xctest; sourceTree = BUILT_PRODUCTS_DIR; };
		D60B264F201A0C9100BE626B /* OpenInstallTestTests.swift */ = {isa = PBXFileReference; lastKnownFileType = sourcecode.swift; path = OpenInstallTestTests.swift; sourceTree = "<group>"; };
		D60B2651201A0C9100BE626B /* Info.plist */ = {isa = PBXFileReference; lastKnownFileType = text.plist.xml; path = Info.plist; sourceTree = "<group>"; };
		D60B2656201A0C9100BE626B /* OpenInstallTestUITests.xctest */ = {isa = PBXFileReference; explicitFileType = wrapper.cfbundle; includeInIndex = 0; path = OpenInstallTestUITests.xctest; sourceTree = BUILT_PRODUCTS_DIR; };
		D60B265A201A0C9100BE626B /* OpenInstallTestUITests.swift */ = {isa = PBXFileReference; lastKnownFileType = sourcecode.swift; path = OpenInstallTestUITests.swift; sourceTree = "<group>"; };
		D60B265C201A0C9100BE626B /* Info.plist */ = {isa = PBXFileReference; lastKnownFileType = text.plist.xml; path = Info.plist; sourceTree = "<group>"; };
/* End PBXFileReference section */

/* Begin PBXFrameworksBuildPhase section */
		D60B2634201A0C9000BE626B /* Frameworks */ = {
			isa = PBXFrameworksBuildPhase;
			buildActionMask = 2147483647;
			files = (
			);
			runOnlyForDeploymentPostprocessing = 0;
		};
		D60B2648201A0C9100BE626B /* Frameworks */ = {
			isa = PBXFrameworksBuildPhase;
			buildActionMask = 2147483647;
			files = (
			);
			runOnlyForDeploymentPostprocessing = 0;
		};
		D60B2653201A0C9100BE626B /* Frameworks */ = {
			isa = PBXFrameworksBuildPhase;
			buildActionMask = 2147483647;
			files = (
			);
			runOnlyForDeploymentPostprocessing = 0;
		};
/* End PBXFrameworksBuildPhase section */

/* Begin PBXGroup section */
		D60B262E201A0C9000BE626B = {
			isa = PBXGroup;
			children = (
				D60B2639201A0C9000BE626B /* OpenInstallTest */,
				D60B264E201A0C9100BE626B /* OpenInstallTestTests */,
				D60B2659201A0C9100BE626B /* OpenInstallTestUITests */,
				D60B2638201A0C9000BE626B /* Products */,
			);
			sourceTree = "<group>";
		};
		D60B2638201A0C9000BE626B /* Products */ = {
			isa = PBXGroup;
			children = (
				D60B2637201A0C9000BE626B /* OpenInstallTest.app */,
				D60B264B201A0C9100BE626B /* OpenInstallTestTests.xctest */,
				D60B2656201A0C9100BE626B /* OpenInstallTestUITests.xctest */,
			);
			name = Products;
			sourceTree = "<group>";
		};
		D60B2639201A0C9000BE626B /* OpenInstallTest */ = {
			isa = PBXGroup;
			children = (
				D60B263A201A0C9000BE626B /* AppDelegate.swift */,
				D60B263C201A0C9000BE626B /* ViewController.swift */,
				D60B263E201A0C9000BE626B /* Main.storyboard */,
				D60B2641201A0C9100BE626B /* Assets.xcassets */,
				D60B2643201A0C9100BE626B /* LaunchScreen.storyboard */,
				D60B2646201A0C9100BE626B /* Info.plist */,
			);
			path = OpenInstallTest;
			sourceTree = "<group>";
		};
		D60B264E201A0C9100BE626B /* OpenInstallTestTests */ = {
			isa = PBXGroup;
			children = (
				D60B264F201A0C9100BE626B /* OpenInstallTestTests.swift */,
				D60B2651201A0C9100BE626B /* Info.plist */,
			);
			path = OpenInstallTestTests;
			sourceTree = "<group>";
		};
		D60B2659201A0C9100BE626B /* OpenInstallTestUITests */ = {
			isa = PBXGroup;
			children = (
				D60B265A201A0C9100BE626B /* OpenInstallTestUITests.swift */,
				D60B265C201A0C9100BE626B /* Info.plist */,
			);
			path = OpenInstallTestUITests;
			sourceTree = "<group>";
		};
/* End PBXGroup section */

/* Begin PBXNativeTarget section */
		D60B2636201A0C9000BE626B /* OpenInstallTest */ = {
			isa = PBXNativeTarget;
			buildConfigurationList = D60B265F201A0C9100BE626B /* Build configuration list for PBXNativeTarget "OpenInstallTest" */;
			buildPhases = (
				D60B2633201A0C9000BE626B /* Sources */,
				D60B2634201A0C9000BE626B /* Frameworks */,
				D60B2635201A0C9000BE626B /* Resources */,
			);
			buildRules = (
			);
			dependencies = (
			);
			name = OpenInstallTest;
			productName = OpenInstallTest;
			productReference = D60B2637201A0C9000BE626B /* OpenInstallTest.app */;
			productType = "com.apple.product-type.application";
		};
		D60B264A201A0C9100BE626B /* OpenInstallTestTests */ = {
			isa = PBXNativeTarget;
			buildConfigurationList = D60B2662201A0C9100BE626B /* Build configuration list for PBXNativeTarget "OpenInstallTestTests" */;
			buildPhases = (
				D60B2647201A0C9100BE626B /* Sources */,
				D60B2648201A0C9100BE626B /* Frameworks */,
				D60B2649201A0C9100BE626B /* Resources */,
			);
			buildRules = (
			);
			dependencies = (
				D60B264D201A0C9100BE626B /* PBXTargetDependency */,
			);
			name = OpenInstallTestTests;
			productName = OpenInstallTestTests;
			productReference = D60B264B201A0C9100BE626B /* OpenInstallTestTests.xctest */;
			productType = "com.apple.product-type.bundle.unit-test";
		};
		D60B2655201A0C9100BE626B /* OpenInstallTestUITests */ = {
			isa = PBXNativeTarget;
			buildConfigurationList = D60B2665201A0C9100BE626B /* Build configuration list for PBXNativeTarget "OpenInstallTestUITests" */;
			buildPhases = (
				D60B2652201A0C9100BE626B /* Sources */,
				D60B2653201A0C9100BE626B /* Frameworks */,
				D60B2654201A0C9100BE626B /* Resources */,
			);
			buildRules = (
			);
			dependencies = (
				D60B2658201A0C9100BE626B /* PBXTargetDependency */,
			);
			name = OpenInstallTestUITests;
			productName = OpenInstallTestUITests;
			productReference = D60B2656201A0C9100BE626B /* OpenInstallTestUITests.xctest */;
			productType = "com.apple.product-type.bundle.ui-testing";
		};
/* End PBXNativeTarget section */

/* Begin PBXProject section */
		D60B262F201A0C9000BE626B /* Project object */ = {
			isa = PBXProject;
			attributes = {
				LastSwiftUpdateCheck = 0920;
				LastUpgradeCheck = 0920;
				ORGANIZATIONNAME = "赵宏亚";
				TargetAttributes = {
					D60B2636201A0C9000BE626B = {
						CreatedOnToolsVersion = 9.2;
						ProvisioningStyle = Automatic;
					};
					D60B264A201A0C9100BE626B = {
						CreatedOnToolsVersion = 9.2;
						ProvisioningStyle = Automatic;
						TestTargetID = D60B2636201A0C9000BE626B;
					};
					D60B2655201A0C9100BE626B = {
						CreatedOnToolsVersion = 9.2;
						ProvisioningStyle = Automatic;
						TestTargetID = D60B2636201A0C9000BE626B;
					};
				};
			};
			buildConfigurationList = D60B2632201A0C9000BE626B /* Build configuration list for PBXProject "OpenInstallTest" */;
			compatibilityVersion = "Xcode 8.0";
			developmentRegion = en;
			hasScannedForEncodings = 0;
			knownRegions = (
				en,
				Base,
			);
			mainGroup = D60B262E201A0C9000BE626B;
			productRefGroup = D60B2638201A0C9000BE626B /* Products */;
			projectDirPath = "";
			projectRoot = "";
			targets = (
				D60B2636201A0C9000BE626B /* OpenInstallTest */,
				D60B264A201A0C9100BE626B /* OpenInstallTestTests */,
				D60B2655201A0C9100BE626B /* OpenInstallTestUITests */,
			);
		};
/* End PBXProject section */

/* Begin PBXResourcesBuildPhase section */
		D60B2635201A0C9000BE626B /* Resources */ = {
			isa = PBXResourcesBuildPhase;
			buildActionMask = 2147483647;
			files = (
				D60B2645201A0C9100BE626B /* LaunchScreen.storyboard in Resources */,
				D60B2642201A0C9100BE626B /* Assets.xcassets in Resources */,
				D60B2640201A0C9000BE626B /* Main.storyboard in Resources */,
			);
			runOnlyForDeploymentPostprocessing = 0;
		};
		D60B2649201A0C9100BE626B /* Resources */ = {
			isa = PBXResourcesBuildPhase;
			buildActionMask = 2147483647;
			files = (
			);
			runOnlyForDeploymentPostprocessing = 0;
		};
		D60B2654201A0C9100BE626B /* Resources */ = {
			isa = PBXResourcesBuildPhase;
			buildActionMask = 2147483647;
			files = (
			);
			runOnlyForDeploymentPostprocessing = 0;
		};
/* End PBXResourcesBuildPhase section */

/* Begin PBXSourcesBuildPhase section */
		D60B2633201A0C9000BE626B /* Sources */ = {
			isa = PBXSourcesBuildPhase;
			buildActionMask = 2147483647;
			files = (
				D60B263D201A0C9000BE626B /* ViewController.swift in Sources */,
				D60B263B201A0C9000BE626B /* AppDelegate.swift in Sources */,
			);
			runOnlyForDeploymentPostprocessing = 0;
		};
		D60B2647201A0C9100BE626B /* Sources */ = {
			isa = PBXSourcesBuildPhase;
			buildActionMask = 2147483647;
			files = (
				D60B2650201A0C9100BE626B /* OpenInstallTestTests.swift in Sources */,
			);
			runOnlyForDeploymentPostprocessing = 0;
		};
		D60B2652201A0C9100BE626B /* Sources */ = {
			isa = PBXSourcesBuildPhase;
			buildActionMask = 2147483647;
			files = (
				D60B265B201A0C9100BE626B /* OpenInstallTestUITests.swift in Sources */,
			);
			runOnlyForDeploymentPostprocessing = 0;
		};
/* End PBXSourcesBuildPhase section */

/* Begin PBXTargetDependency section */
		D60B264D201A0C9100BE626B /* PBXTargetDependency */ = {
			isa = PBXTargetDependency;
			target = D60B2636201A0C9000BE626B /* OpenInstallTest */;
			targetProxy = D60B264C201A0C9100BE626B /* PBXContainerItemProxy */;
		};
		D60B2658201A0C9100BE626B /* PBXTargetDependency */ = {
			isa = PBXTargetDependency;
			target = D60B2636201A0C9000BE626B /* OpenInstallTest */;
			targetProxy = D60B2657201A0C9100BE626B /* PBXContainerItemProxy */;
		};
/* End PBXTargetDependency section */

/* Begin PBXVariantGroup section */
		D60B263E201A0C9000BE626B /* Main.storyboard */ = {
			isa = PBXVariantGroup;
			children = (
				D60B263F201A0C9000BE626B /* Base */,
			);
			name = Main.storyboard;
			sourceTree = "<group>";
		};
		D60B2643201A0C9100BE626B /* LaunchScreen.storyboard */ = {
			isa = PBXVariantGroup;
			children = (
				D60B2644201A0C9100BE626B /* Base */,
			);
			name = LaunchScreen.storyboard;
			sourceTree = "<group>";
		};
/* End PBXVariantGroup section */

/* Begin XCBuildConfiguration section */
		D60B265D201A0C9100BE626B /* Debug */ = {
			isa = XCBuildConfiguration;
			buildSettings = {
				ALWAYS_SEARCH_USER_PATHS = NO;
				CLANG_ANALYZER_NONNULL = YES;
				CLANG_ANALYZER_NUMBER_OBJECT_CONVERSION = YES_AGGRESSIVE;
				CLANG_CXX_LANGUAGE_STANDARD = "gnu++14";
				CLANG_CXX_LIBRARY = "libc++";
				CLANG_ENABLE_MODULES = YES;
				CLANG_ENABLE_OBJC_ARC = YES;
				CLANG_WARN_BLOCK_CAPTURE_AUTORELEASING = YES;
				CLANG_WARN_BOOL_CONVERSION = YES;
				CLANG_WARN_COMMA = YES;
				CLANG_WARN_CONSTANT_CONVERSION = YES;
				CLANG_WARN_DIRECT_OBJC_ISA_USAGE = YES_ERROR;
				CLANG_WARN_DOCUMENTATION_COMMENTS = YES;
				CLANG_WARN_EMPTY_BODY = YES;
				CLANG_WARN_ENUM_CONVERSION = YES;
				CLANG_WARN_INFINITE_RECURSION = YES;
				CLANG_WARN_INT_CONVERSION = YES;
				CLANG_WARN_NON_LITERAL_NULL_CONVERSION = YES;
				CLANG_WARN_OBJC_LITERAL_CONVERSION = YES;
				CLANG_WARN_OBJC_ROOT_CLASS = YES_ERROR;
				CLANG_WARN_RANGE_LOOP_ANALYSIS = YES;
				CLANG_WARN_STRICT_PROTOTYPES = YES;
				CLANG_WARN_SUSPICIOUS_MOVE = YES;
				CLANG_WARN_UNGUARDED_AVAILABILITY = YES_AGGRESSIVE;
				CLANG_WARN_UNREACHABLE_CODE = YES;
				CLANG_WARN__DUPLICATE_METHOD_MATCH = YES;
				CODE_SIGN_IDENTITY = "iPhone Developer";
				COPY_PHASE_STRIP = NO;
				DEBUG_INFORMATION_FORMAT = dwarf;
				ENABLE_STRICT_OBJC_MSGSEND = YES;
				ENABLE_TESTABILITY = YES;
				GCC_C_LANGUAGE_STANDARD = gnu11;
				GCC_DYNAMIC_NO_PIC = NO;
				GCC_NO_COMMON_BLOCKS = YES;
				GCC_OPTIMIZATION_LEVEL = 0;
				GCC_PREPROCESSOR_DEFINITIONS = (
					"DEBUG=1",
					"$(inherited)",
				);
				GCC_WARN_64_TO_32_BIT_CONVERSION = YES;
				GCC_WARN_ABOUT_RETURN_TYPE = YES_ERROR;
				GCC_WARN_UNDECLARED_SELECTOR = YES;
				GCC_WARN_UNINITIALIZED_AUTOS = YES_AGGRESSIVE;
				GCC_WARN_UNUSED_FUNCTION = YES;
				GCC_WARN_UNUSED_VARIABLE = YES;
				IPHONEOS_DEPLOYMENT_TARGET = 11.2;
				MTL_ENABLE_DEBUG_INFO = YES;
				ONLY_ACTIVE_ARCH = YES;
				SDKROOT = iphoneos;
				SWIFT_ACTIVE_COMPILATION_CONDITIONS = DEBUG;
				SWIFT_OPTIMIZATION_LEVEL = "-Onone";
			};
			name = Debug;
		};
		D60B265E201A0C9100BE626B /* Release */ = {
			isa = XCBuildConfiguration;
			buildSettings = {
				ALWAYS_SEARCH_USER_PATHS = NO;
				CLANG_ANALYZER_NONNULL = YES;
				CLANG_ANALYZER_NUMBER_OBJECT_CONVERSION = YES_AGGRESSIVE;
				CLANG_CXX_LANGUAGE_STANDARD = "gnu++14";
				CLANG_CXX_LIBRARY = "libc++";
				CLANG_ENABLE_MODULES = YES;
				CLANG_ENABLE_OBJC_ARC = YES;
				CLANG_WARN_BLOCK_CAPTURE_AUTORELEASING = YES;
				CLANG_WARN_BOOL_CONVERSION = YES;
				CLANG_WARN_COMMA = YES;
				CLANG_WARN_CONSTANT_CONVERSION = YES;
				CLANG_WARN_DIRECT_OBJC_ISA_USAGE = YES_ERROR;
				CLANG_WARN_DOCUMENTATION_COMMENTS = YES;
				CLANG_WARN_EMPTY_BODY = YES;
				CLANG_WARN_ENUM_CONVERSION = YES;
				CLANG_WARN_INFINITE_RECURSION = YES;
				CLANG_WARN_INT_CONVERSION = YES;
				CLANG_WARN_NON_LITERAL_NULL_CONVERSION = YES;
				CLANG_WARN_OBJC_LITERAL_CONVERSION = YES;
				CLANG_WARN_OBJC_ROOT_CLASS = YES_ERROR;
				CLANG_WARN_RANGE_LOOP_ANALYSIS = YES;
				CLANG_WARN_STRICT_PROTOTYPES = YES;
				CLANG_WARN_SUSPICIOUS_MOVE = YES;
				CLANG_WARN_UNGUARDED_AVAILABILITY = YES_AGGRESSIVE;
				CLANG_WARN_UNREACHABLE_CODE = YES;
				CLANG_WARN__DUPLICATE_METHOD_MATCH = YES;
				CODE_SIGN_IDENTITY = "iPhone Developer";
				COPY_PHASE_STRIP = NO;
				DEBUG_INFORMATION_FORMAT = "dwarf-with-dsym";
				ENABLE_NS_ASSERTIONS = NO;
				ENABLE_STRICT_OBJC_MSGSEND = YES;
				GCC_C_LANGUAGE_STANDARD = gnu11;
				GCC_NO_COMMON_BLOCKS = YES;
				GCC_WARN_64_TO_32_BIT_CONVERSION = YES;
				GCC_WARN_ABOUT_RETURN_TYPE = YES_ERROR;
				GCC_WARN_UNDECLARED_SELECTOR = YES;
				GCC_WARN_UNINITIALIZED_AUTOS = YES_AGGRESSIVE;
				GCC_WARN_UNUSED_FUNCTION = YES;
				GCC_WARN_UNUSED_VARIABLE = YES;
				IPHONEOS_DEPLOYMENT_TARGET = 11.2;
				MTL_ENABLE_DEBUG_INFO = NO;
				SDKROOT = iphoneos;
				SWIFT_OPTIMIZATION_LEVEL = "-Owholemodule";
				VALIDATE_PRODUCT = YES;
			};
			name = Release;
		};
		D60B2660201A0C9100BE626B /* Debug */ = {
			isa = XCBuildConfiguration;
			buildSettings = {
				ASSETCATALOG_COMPILER_APPICON_NAME = AppIcon;
				CODE_SIGN_STYLE = Automatic;
				DEVELOPMENT_TEAM = GM2EX5ALF4;
				INFOPLIST_FILE = OpenInstallTest/Info.plist;
				LD_RUNPATH_SEARCH_PATHS = "$(inherited) @executable_path/Frameworks";
				PRODUCT_BUNDLE_IDENTIFIER = zhaohongya.OpenInstallTest;
				PRODUCT_NAME = "$(TARGET_NAME)";
				SWIFT_VERSION = 4.0;
				TARGETED_DEVICE_FAMILY = "1,2";
			};
			name = Debug;
		};
		D60B2661201A0C9100BE626B /* Release */ = {
			isa = XCBuildConfiguration;
			buildSettings = {
				ASSETCATALOG_COMPILER_APPICON_NAME = AppIcon;
				CODE_SIGN_STYLE = Automatic;
				DEVELOPMENT_TEAM = GM2EX5ALF4;
				INFOPLIST_FILE = OpenInstallTest/Info.plist;
				LD_RUNPATH_SEARCH_PATHS = "$(inherited) @executable_path/Frameworks";
				PRODUCT_BUNDLE_IDENTIFIER = zhaohongya.OpenInstallTest;
				PRODUCT_NAME = "$(TARGET_NAME)";
				SWIFT_VERSION = 4.0;
				TARGETED_DEVICE_FAMILY = "1,2";
			};
			name = Release;
		};
		D60B2663201A0C9100BE626B /* Debug */ = {
			isa = XCBuildConfiguration;
			buildSettings = {
				ALWAYS_EMBED_SWIFT_STANDARD_LIBRARIES = YES;
				BUNDLE_LOADER = "$(TEST_HOST)";
				CODE_SIGN_STYLE = Automatic;
				DEVELOPMENT_TEAM = GM2EX5ALF4;
				INFOPLIST_FILE = OpenInstallTestTests/Info.plist;
				LD_RUNPATH_SEARCH_PATHS = "$(inherited) @executable_path/Frameworks @loader_path/Frameworks";
				PRODUCT_BUNDLE_IDENTIFIER = zhaohongya.OpenInstallTestTests;
				PRODUCT_NAME = "$(TARGET_NAME)";
				SWIFT_VERSION = 4.0;
				TARGETED_DEVICE_FAMILY = "1,2";
				TEST_HOST = "$(BUILT_PRODUCTS_DIR)/OpenInstallTest.app/OpenInstallTest";
			};
			name = Debug;
		};
		D60B2664201A0C9100BE626B /* Release */ = {
			isa = XCBuildConfiguration;
			buildSettings = {
				ALWAYS_EMBED_SWIFT_STANDARD_LIBRARIES = YES;
				BUNDLE_LOADER = "$(TEST_HOST)";
				CODE_SIGN_STYLE = Automatic;
				DEVELOPMENT_TEAM = GM2EX5ALF4;
				INFOPLIST_FILE = OpenInstallTestTests/Info.plist;
				LD_RUNPATH_SEARCH_PATHS = "$(inherited) @executable_path/Frameworks @loader_path/Frameworks";
				PRODUCT_BUNDLE_IDENTIFIER = zhaohongya.OpenInstallTestTests;
				PRODUCT_NAME = "$(TARGET_NAME)";
				SWIFT_VERSION = 4.0;
				TARGETED_DEVICE_FAMILY = "1,2";
				TEST_HOST = "$(BUILT_PRODUCTS_DIR)/OpenInstallTest.app/OpenInstallTest";
			};
			name = Release;
		};
		D60B2666201A0C9100BE626B /* Debug */ = {
			isa = XCBuildConfiguration;
			buildSettings = {
				ALWAYS_EMBED_SWIFT_STANDARD_LIBRARIES = YES;
				CODE_SIGN_STYLE = Automatic;
				DEVELOPMENT_TEAM = GM2EX5ALF4;
				INFOPLIST_FILE = OpenInstallTestUITests/Info.plist;
				LD_RUNPATH_SEARCH_PATHS = "$(inherited) @executable_path/Frameworks @loader_path/Frameworks";
				PRODUCT_BUNDLE_IDENTIFIER = zhaohongya.OpenInstallTestUITests;
				PRODUCT_NAME = "$(TARGET_NAME)";
				SWIFT_VERSION = 4.0;
				TARGETED_DEVICE_FAMILY = "1,2";
				TEST_TARGET_NAME = OpenInstallTest;
			};
			name = Debug;
		};
		D60B2667201A0C9100BE626B /* Release */ = {
			isa = XCBuildConfiguration;
			buildSettings = {
				ALWAYS_EMBED_SWIFT_STANDARD_LIBRARIES = YES;
				CODE_SIGN_STYLE = Automatic;
				DEVELOPMENT_TEAM = GM2EX5ALF4;
				INFOPLIST_FILE = OpenInstallTestUITests/Info.plist;
				LD_RUNPATH_SEARCH_PATHS = "$(inherited) @executable_path/Frameworks @loader_path/Frameworks";
				PRODUCT_BUNDLE_IDENTIFIER = zhaohongya.OpenInstallTestUITests;
				PRODUCT_NAME = "$(TARGET_NAME)";
				SWIFT_VERSION = 4.0;
				TARGETED_DEVICE_FAMILY = "1,2";
				TEST_TARGET_NAME = OpenInstallTest;
			};
			name = Release;
		};
/* End XCBuildConfiguration section */

/* Begin XCConfigurationList section */
		D60B2632201A0C9000BE626B /* Build configuration list for PBXProject "OpenInstallTest" */ = {
			isa = XCConfigurationList;
			buildConfigurations = (
				D60B265D201A0C9100BE626B /* Debug */,
				D60B265E201A0C9100BE626B /* Release */,
			);
			defaultConfigurationIsVisible = 0;
			defaultConfigurationName = Release;
		};
		D60B265F201A0C9100BE626B /* Build configuration list for PBXNativeTarget "OpenInstallTest" */ = {
			isa = XCConfigurationList;
			buildConfigurations = (
				D60B2660201A0C9100BE626B /* Debug */,
				D60B2661201A0C9100BE626B /* Release */,
			);
			defaultConfigurationIsVisible = 0;
			defaultConfigurationName = Release;
		};
		D60B2662201A0C9100BE626B /* Build configuration list for PBXNativeTarget "OpenInstallTestTests" */ = {
			isa = XCConfigurationList;
			buildConfigurations = (
				D60B2663201A0C9100BE626B /* Debug */,
				D60B2664201A0C9100BE626B /* Release */,
			);
			defaultConfigurationIsVisible = 0;
			defaultConfigurationName = Release;
		};
		D60B2665201A0C9100BE626B /* Build configuration list for PBXNativeTarget "OpenInstallTestUITests" */ = {
			isa = XCConfigurationList;
			buildConfigurations = (
				D60B2666201A0C9100BE626B /* Debug */,
				D60B2667201A0C9100BE626B /* Release */,
			);
			defaultConfigurationIsVisible = 0;
			defaultConfigurationName = Release;
		};
/* End XCConfigurationList section */
	};
	rootObject = D60B262F201A0C9000BE626B /* Project object */;
}
